
Microsoft Visual Studio Solution File, Format Version 12.00
# Visual Studio 15
VisualStudioVersion = 15.0.26124.0
MinimumVisualStudioVersion = 15.0.26124.0
Project("{2150E333-8FDC-42A3-9474-1A3956D46DE8}") = "src", "src", "{6F9A6A66-0B10-41B9-B792-938A5B7761C7}"
EndProject
Project("{FAE04EC0-301F-11D3-BF4B-00C04F79EFBC}") = "InfluxDb.Extensions", "src\InfluxDb.Extensions\InfluxDb.Extensions.csproj", "{CBBC4384-37B6-478E-8137-D354AFF11CA4}"
EndProject
Project("{2150E333-8FDC-42A3-9474-1A3956D46DE8}") = "test", "test", "{2D28E486-DB27-4DCE-BEAB-401804D1067C}"
EndProject
Project("{FAE04EC0-301F-11D3-BF4B-00C04F79EFBC}") = "InfluxDb.Extensions.Tests", "test\InfluxDb.Extensions.Tests\InfluxDb.Extensions.Tests.csproj", "{26A31FA5-0A9D-4DC9-97A4-F01F8DB78CCA}"
EndProject
Global
	GlobalSection(SolutionConfigurationPlatforms) = preSolution
		Debug|Any CPU = Debug|Any CPU
		Debug|x64 = Debug|x64
		Debug|x86 = Debug|x86
		Release|Any CPU = Release|Any CPU
		Release|x64 = Release|x64
		Release|x86 = Release|x86
	EndGlobalSection
	GlobalSection(SolutionProperties) = preSolution
		HideSolutionNode = FALSE
	EndGlobalSection
	GlobalSection(ProjectConfigurationPlatforms) = postSolution
		{CBBC4384-37B6-478E-8137-D354AFF11CA4}.Debug|Any CPU.ActiveCfg = Debug|Any CPU
		{CBBC4384-37B6-478E-8137-D354AFF11CA4}.Debug|Any CPU.Build.0 = Debug|Any CPU
		{CBBC4384-37B6-478E-8137-D354AFF11CA4}.Debug|x64.ActiveCfg = Debug|Any CPU
		{CBBC4384-37B6-478E-8137-D354AFF11CA4}.Debug|x64.Build.0 = Debug|Any CPU
		{CBBC4384-37B6-478E-8137-D354AFF11CA4}.Debug|x86.ActiveCfg = Debug|Any CPU
		{CBBC4384-37B6-478E-8137-D354AFF11CA4}.Debug|x86.Build.0 = Debug|Any CPU
		{CBBC4384-37B6-478E-8137-D354AFF11CA4}.Release|Any CPU.ActiveCfg = Release|Any CPU
		{CBBC4384-37B6-478E-8137-D354AFF11CA4}.Release|Any CPU.Build.0 = Release|Any CPU
		{CBBC4384-37B6-478E-8137-D354AFF11CA4}.Release|x64.ActiveCfg = Release|Any CPU
		{CBBC4384-37B6-478E-8137-D354AFF11CA4}.Release|x64.Build.0 = Release|Any CPU
		{CBBC4384-37B6-478E-8137-D354AFF11CA4}.Release|x86.ActiveCfg = Release|Any CPU
		{CBBC4384-37B6-478E-8137-D354AFF11CA4}.Release|x86.Build.0 = Release|Any CPU
		{26A31FA5-0A9D-4DC9-97A4-F01F8DB78CCA}.Debug|Any CPU.ActiveCfg = Debug|Any CPU
		{26A31FA5-0A9D-4DC9-97A4-F01F8DB78CCA}.Debug|Any CPU.Build.0 = Debug|Any CPU
		{26A31FA5-0A9D-4DC9-97A4-F01F8DB78CCA}.Debug|x64.ActiveCfg = Debug|Any CPU
		{26A31FA5-0A9D-4DC9-97A4-F01F8DB78CCA}.Debug|x64.Build.0 = Debug|Any CPU
		{26A31FA5-0A9D-4DC9-97A4-F01F8DB78CCA}.Debug|x86.ActiveCfg = Debug|Any CPU
		{26A31FA5-0A9D-4DC9-97A4-F01F8DB78CCA}.Debug|x86.Build.0 = Debug|Any CPU
		{26A31FA5-0A9D-4DC9-97A4-F01F8DB78CCA}.Release|Any CPU.ActiveCfg = Release|Any CPU
		{26A31FA5-0A9D-4DC9-97A4-F01F8DB78CCA}.Release|Any CPU.Build.0 = Release|Any CPU
		{26A31FA5-0A9D-4DC9-97A4-F01F8DB78CCA}.Release|x64.ActiveCfg = Release|Any CPU
		{26A31FA5-0A9D-4DC9-97A4-F01F8DB78CCA}.Release|x64.Build.0 = Release|Any CPU
		{26A31FA5-0A9D-4DC9-97A4-F01F8DB78CCA}.Release|x86.ActiveCfg = Release|Any CPU
		{26A31FA5-0A9D-4DC9-97A4-F01F8DB78CCA}.Release|x86.Build.0 = Release|Any CPU
	EndGlobalSection
	GlobalSection(NestedProjects) = preSolution
		{CBBC4384-37B6-478E-8137-D354AFF11CA4} = {6F9A6A66-0B10-41B9-B792-938A5B7761C7}
		{26A31FA5-0A9D-4DC9-97A4-F01F8DB78CCA} = {2D28E486-DB27-4DCE-BEAB-401804D1067C}
	EndGlobalSection
EndGlobal
